
Microsoft Visual Studio Solution File, Format Version 12.00
# Visual Studio Version 16
VisualStudioVersion = 16.0.30406.217
MinimumVisualStudioVersion = 10.0.40219.1
Project("{FAE04EC0-301F-11D3-BF4B-00C04F79EFBC}") = "QL_Kho", "QL_Kho\QL_Kho.csproj", "{7D2A1721-6975-4D40-9648-528FDADF0E7E}"
EndProject
Project("{FAE04EC0-301F-11D3-BF4B-00C04F79EFBC}") = "ConsoleApp", "ConsoleApp\ConsoleApp.csproj", "{6E410D4C-34C0-459D-A88A-EE525E7C6D90}"
EndProject
Global
	GlobalSection(SolutionConfigurationPlatforms) = preSolution
		Debug|Any CPU = Debug|Any CPU
		Release|Any CPU = Release|Any CPU
	EndGlobalSection
	GlobalSection(ProjectConfigurationPlatforms) = postSolution
		{7D2A1721-6975-4D40-9648-528FDADF0E7E}.Debug|Any CPU.ActiveCfg = Debug|Any CPU
		{7D2A1721-6975-4D40-9648-528FDADF0E7E}.Debug|Any CPU.Build.0 = Debug|Any CPU
		{7D2A1721-6975-4D40-9648-528FDADF0E7E}.Release|Any CPU.ActiveCfg = Release|Any CPU
		{7D2A1721-6975-4D40-9648-528FDADF0E7E}.Release|Any CPU.Build.0 = Release|Any CPU
		{6E410D4C-34C0-459D-A88A-EE525E7C6D90}.Debug|Any CPU.ActiveCfg = Debug|Any CPU
		{6E410D4C-34C0-459D-A88A-EE525E7C6D90}.Debug|Any CPU.Build.0 = Debug|Any CPU
		{6E410D4C-34C0-459D-A88A-EE525E7C6D90}.Release|Any CPU.ActiveCfg = Release|Any CPU
		{6E410D4C-34C0-459D-A88A-EE525E7C6D90}.Release|Any CPU.Build.0 = Release|Any CPU
	EndGlobalSection
	GlobalSection(SolutionProperties) = preSolution
		HideSolutionNode = FALSE
	EndGlobalSection
	GlobalSection(ExtensibilityGlobals) = postSolution
		SolutionGuid = {5CAAF8CB-C861-450F-86FA-8B01ADA97C96}
	EndGlobalSection
EndGlobal
